<Solution>
  <Folder Name="/src/">
    <Project Path="src/CsvMasker.Core/CsvMasker.Core.csproj" />
    <Project Path="src/CsvMasker.Web/CsvMasker.Web.csproj" />
  </Folder>
  <Folder Name="/tests/">
    <Project Path="tests/CsvMasker.Core.Tests/CsvMasker.Core.Tests.csproj" />
    <Project Path="tests/CsvMasker.Web.Tests/CsvMasker.Web.Tests.csproj" />
  </Folder>
</Solution>
